
Microsoft Visual Studio Solution File, Format Version 12.00
# Visual Studio 15
VisualStudioVersion = 15.0.28307.168
MinimumVisualStudioVersion = 10.0.40219.1
Project("{9A19103F-16F7-4668-BE54-9A1E7A4F7556}") = "OpenLocationCodeTest", "OpenLocationCodeTest\OpenLocationCodeTest.csproj", "{BD146CEE-58DF-4308-A22B-295A0F34D12E}"
EndProject
Project("{FAE04EC0-301F-11D3-BF4B-00C04F79EFBC}") = "テストプロジェクト", "テストプロジェクト\テストプロジェクト.csproj", "{F09FEAD8-609E-47A3-A50A-63CA10222DBA}"
EndProject
Global
	GlobalSection(SolutionConfigurationPlatforms) = preSolution
		Debug|Any CPU = Debug|Any CPU
		Release|Any CPU = Release|Any CPU
	EndGlobalSection
	GlobalSection(ProjectConfigurationPlatforms) = postSolution
		{BD146CEE-58DF-4308-A22B-295A0F34D12E}.Debug|Any CPU.ActiveCfg = Debug|Any CPU
		{BD146CEE-58DF-4308-A22B-295A0F34D12E}.Debug|Any CPU.Build.0 = Debug|Any CPU
		{BD146CEE-58DF-4308-A22B-295A0F34D12E}.Release|Any CPU.ActiveCfg = Release|Any CPU
		{BD146CEE-58DF-4308-A22B-295A0F34D12E}.Release|Any CPU.Build.0 = Release|Any CPU
		{F09FEAD8-609E-47A3-A50A-63CA10222DBA}.Debug|Any CPU.ActiveCfg = Debug|Any CPU
		{F09FEAD8-609E-47A3-A50A-63CA10222DBA}.Debug|Any CPU.Build.0 = Debug|Any CPU
		{F09FEAD8-609E-47A3-A50A-63CA10222DBA}.Release|Any CPU.ActiveCfg = Release|Any CPU
		{F09FEAD8-609E-47A3-A50A-63CA10222DBA}.Release|Any CPU.Build.0 = Release|Any CPU
	EndGlobalSection
	GlobalSection(SolutionProperties) = preSolution
		HideSolutionNode = FALSE
	EndGlobalSection
	GlobalSection(ExtensibilityGlobals) = postSolution
		SolutionGuid = {4E6E1B9A-9BE1-4D93-9F40-57916C409FFC}
	EndGlobalSection
EndGlobal
